{
  "object": {
    "pins": [
      {
        "package": "swift-nio",
        "repositoryURL": "https://github.com/apple/swift-nio.git",
        "state": {
          "branch": "master",
          "revision": "c6c137cde45ac97c2c97e1aaf5e0db02522c2843",
          "version": null
        }
      }
    ]
  },
  "version": 1
}
